// !$*UTF8*$!
{
	archiveVersion = 1;
	classes = {
	};
	objectVersion = 46;
	objects = {

/* Begin PBXBuildFile section */
		A90738281DC477E7009B97F5 /* NoteViewModel.swift in Sources */ = {isa = PBXBuildFile; fileRef = A90738271DC477E6009B97F5 /* NoteViewModel.swift */; };
		A907382C1DC5047D009B97F5 /* AzureStorage.swift in Sources */ = {isa = PBXBuildFile; fileRef = A907382B1DC5047D009B97F5 /* AzureStorage.swift */; };
		A90738341DC52E47009B97F5 /* NewsTableViewCell.swift in Sources */ = {isa = PBXBuildFile; fileRef = A90738331DC52E47009B97F5 /* NewsTableViewCell.swift */; };
		A90738361DC53529009B97F5 /* AutorsViewModel.swift in Sources */ = {isa = PBXBuildFile; fileRef = A90738351DC53529009B97F5 /* AutorsViewModel.swift */; };
		A90738381DC5542D009B97F5 /* robot.png in Resources */ = {isa = PBXBuildFile; fileRef = A90738371DC5542D009B97F5 /* robot.png */; };
		A98E56B91DBC96A800F8725F /* AutorsTableViewController.swift in Sources */ = {isa = PBXBuildFile; fileRef = A98E56B81DBC96A800F8725F /* AutorsTableViewController.swift */; };
		A98E56BB1DBC97C300F8725F /* NoteViewController.swift in Sources */ = {isa = PBXBuildFile; fileRef = A98E56BA1DBC97C300F8725F /* NoteViewController.swift */; };
		A98E56BD1DBC9B5400F8725F /* ListNewsTableViewController.swift in Sources */ = {isa = PBXBuildFile; fileRef = A98E56BC1DBC9B5400F8725F /* ListNewsTableViewController.swift */; };
		A98E56BF1DBC9DF500F8725F /* Utils.swift in Sources */ = {isa = PBXBuildFile; fileRef = A98E56BE1DBC9DF500F8725F /* Utils.swift */; };
		A98E56C21DBD0FC200F8725F /* modelNews.swift in Sources */ = {isa = PBXBuildFile; fileRef = A98E56C11DBD0FC200F8725F /* modelNews.swift */; };
		A98F9D171DC113B000268C9D /* AzureApiUtils.swift in Sources */ = {isa = PBXBuildFile; fileRef = A98F9D161DC113B000268C9D /* AzureApiUtils.swift */; };
		A98F9D191DC1333F00268C9D /* WebKit.framework in Frameworks */ = {isa = PBXBuildFile; fileRef = A98F9D181DC1333F00268C9D /* WebKit.framework */; };
		A9CB2A831DBBEEC100EA4500 /* AppDelegate.swift in Sources */ = {isa = PBXBuildFile; fileRef = A9CB2A821DBBEEC100EA4500 /* AppDelegate.swift */; };
		A9CB2A851DBBEEC100EA4500 /* LoginViewController.swift in Sources */ = {isa = PBXBuildFile; fileRef = A9CB2A841DBBEEC100EA4500 /* LoginViewController.swift */; };
		A9CB2A881DBBEEC100EA4500 /* Main.storyboard in Resources */ = {isa = PBXBuildFile; fileRef = A9CB2A861DBBEEC100EA4500 /* Main.storyboard */; };
		A9CB2A8A1DBBEEC100EA4500 /* Assets.xcassets in Resources */ = {isa = PBXBuildFile; fileRef = A9CB2A891DBBEEC100EA4500 /* Assets.xcassets */; };
		A9CB2A8D1DBBEEC100EA4500 /* LaunchScreen.storyboard in Resources */ = {isa = PBXBuildFile; fileRef = A9CB2A8B1DBBEEC100EA4500 /* LaunchScreen.storyboard */; };
		A9CB2A961DBBF11A00EA4500 /* Readers.storyboard in Resources */ = {isa = PBXBuildFile; fileRef = A9CB2A951DBBF11A00EA4500 /* Readers.storyboard */; };
		A9CB2A991DBBF47C00EA4500 /* Autors.storyboard in Resources */ = {isa = PBXBuildFile; fileRef = A9CB2A981DBBF47C00EA4500 /* Autors.storyboard */; };
		A9EFE9791DBE4DFF0039B5FF /* libxml2.2.tbd in Frameworks */ = {isa = PBXBuildFile; fileRef = A9EFE9781DBE4DFF0039B5FF /* libxml2.2.tbd */; };
		A9EFE97F1DBE524C0039B5FF /* MicrosoftAzureMobile.framework in Frameworks */ = {isa = PBXBuildFile; fileRef = A9EFE97E1DBE524C0039B5FF /* MicrosoftAzureMobile.framework */; };
		A9EFE9851DBE59E40039B5FF /* AZSClient.framework in Frameworks */ = {isa = PBXBuildFile; fileRef = A9EFE9841DBE59E40039B5FF /* AZSClient.framework */; };
		A9EFE9871DBEA2760039B5FF /* AzureUtils.swift in Sources */ = {isa = PBXBuildFile; fileRef = A9EFE9861DBEA2760039B5FF /* AzureUtils.swift */; };
/* End PBXBuildFile section */

/* Begin PBXFileReference section */
		A90738271DC477E6009B97F5 /* NoteViewModel.swift */ = {isa = PBXFileReference; fileEncoding = 4; lastKnownFileType = sourcecode.swift; path = NoteViewModel.swift; sourceTree = "<group>"; };
		A907382B1DC5047D009B97F5 /* AzureStorage.swift */ = {isa = PBXFileReference; fileEncoding = 4; lastKnownFileType = sourcecode.swift; path = AzureStorage.swift; sourceTree = "<group>"; };
		A90738331DC52E47009B97F5 /* NewsTableViewCell.swift */ = {isa = PBXFileReference; fileEncoding = 4; lastKnownFileType = sourcecode.swift; path = NewsTableViewCell.swift; sourceTree = "<group>"; };
		A90738351DC53529009B97F5 /* AutorsViewModel.swift */ = {isa = PBXFileReference; fileEncoding = 4; lastKnownFileType = sourcecode.swift; path = AutorsViewModel.swift; sourceTree = "<group>"; };
		A90738371DC5542D009B97F5 /* robot.png */ = {isa = PBXFileReference; lastKnownFileType = image.png; path = robot.png; sourceTree = "<group>"; };
		A98E56B81DBC96A800F8725F /* AutorsTableViewController.swift */ = {isa = PBXFileReference; fileEncoding = 4; lastKnownFileType = sourcecode.swift; path = AutorsTableViewController.swift; sourceTree = "<group>"; };
		A98E56BA1DBC97C300F8725F /* NoteViewController.swift */ = {isa = PBXFileReference; fileEncoding = 4; lastKnownFileType = sourcecode.swift; path = NoteViewController.swift; sourceTree = "<group>"; };
		A98E56BC1DBC9B5400F8725F /* ListNewsTableViewController.swift */ = {isa = PBXFileReference; fileEncoding = 4; lastKnownFileType = sourcecode.swift; path = ListNewsTableViewController.swift; sourceTree = "<group>"; };
		A98E56BE1DBC9DF500F8725F /* Utils.swift */ = {isa = PBXFileReference; fileEncoding = 4; lastKnownFileType = sourcecode.swift; path = Utils.swift; sourceTree = "<group>"; };
		A98E56C11DBD0FC200F8725F /* modelNews.swift */ = {isa = PBXFileReference; fileEncoding = 4; lastKnownFileType = sourcecode.swift; path = modelNews.swift; sourceTree = "<group>"; };
		A98F9D161DC113B000268C9D /* AzureApiUtils.swift */ = {isa = PBXFileReference; fileEncoding = 4; lastKnownFileType = sourcecode.swift; path = AzureApiUtils.swift; sourceTree = "<group>"; };
		A98F9D181DC1333F00268C9D /* WebKit.framework */ = {isa = PBXFileReference; lastKnownFileType = wrapper.framework; name = WebKit.framework; path = System/Library/Frameworks/WebKit.framework; sourceTree = SDKROOT; };
		A9CB2A7F1DBBEEC100EA4500 /* Scoops.app */ = {isa = PBXFileReference; explicitFileType = wrapper.application; includeInIndex = 0; path = Scoops.app; sourceTree = BUILT_PRODUCTS_DIR; };
		A9CB2A821DBBEEC100EA4500 /* AppDelegate.swift */ = {isa = PBXFileReference; lastKnownFileType = sourcecode.swift; path = AppDelegate.swift; sourceTree = "<group>"; };
		A9CB2A841DBBEEC100EA4500 /* LoginViewController.swift */ = {isa = PBXFileReference; lastKnownFileType = sourcecode.swift; path = LoginViewController.swift; sourceTree = "<group>"; };
		A9CB2A871DBBEEC100EA4500 /* Base */ = {isa = PBXFileReference; lastKnownFileType = file.storyboard; name = Base; path = Base.lproj/Main.storyboard; sourceTree = "<group>"; };
		A9CB2A891DBBEEC100EA4500 /* Assets.xcassets */ = {isa = PBXFileReference; lastKnownFileType = folder.assetcatalog; path = Assets.xcassets; sourceTree = "<group>"; };
		A9CB2A8C1DBBEEC100EA4500 /* Base */ = {isa = PBXFileReference; lastKnownFileType = file.storyboard; name = Base; path = Base.lproj/LaunchScreen.storyboard; sourceTree = "<group>"; };
		A9CB2A8E1DBBEEC100EA4500 /* Info.plist */ = {isa = PBXFileReference; lastKnownFileType = text.plist.xml; path = Info.plist; sourceTree = "<group>"; };
		A9CB2A951DBBF11A00EA4500 /* Readers.storyboard */ = {isa = PBXFileReference; fileEncoding = 4; lastKnownFileType = file.storyboard; path = Readers.storyboard; sourceTree = "<group>"; };
		A9CB2A981DBBF47C00EA4500 /* Autors.storyboard */ = {isa = PBXFileReference; fileEncoding = 4; lastKnownFileType = file.storyboard; name = Autors.storyboard; path = Scoops/Autors.storyboard; sourceTree = "<group>"; };
		A9E3C3F81DBF5C9000DD570B /* ScoopsTests.swift */ = {isa = PBXFileReference; lastKnownFileType = sourcecode.swift; path = ScoopsTests.swift; sourceTree = "<group>"; };
		A9E3C3FA1DBF5C9000DD570B /* Info.plist */ = {isa = PBXFileReference; lastKnownFileType = text.plist.xml; path = Info.plist; sourceTree = "<group>"; };
		A9EFE9781DBE4DFF0039B5FF /* libxml2.2.tbd */ = {isa = PBXFileReference; lastKnownFileType = "sourcecode.text-based-dylib-definition"; name = libxml2.2.tbd; path = usr/lib/libxml2.2.tbd; sourceTree = SDKROOT; };
		A9EFE97E1DBE524C0039B5FF /* MicrosoftAzureMobile.framework */ = {isa = PBXFileReference; lastKnownFileType = wrapper.framework; path = MicrosoftAzureMobile.framework; sourceTree = "<group>"; };
		A9EFE9801DBE52890039B5FF /* Scoops-Bridging-Header.h */ = {isa = PBXFileReference; lastKnownFileType = sourcecode.c.h; path = "Scoops-Bridging-Header.h"; sourceTree = "<group>"; };
		A9EFE9841DBE59E40039B5FF /* AZSClient.framework */ = {isa = PBXFileReference; lastKnownFileType = wrapper.framework; path = AZSClient.framework; sourceTree = "<group>"; };
		A9EFE9861DBEA2760039B5FF /* AzureUtils.swift */ = {isa = PBXFileReference; fileEncoding = 4; lastKnownFileType = sourcecode.swift; path = AzureUtils.swift; sourceTree = "<group>"; };
/* End PBXFileReference section */

/* Begin PBXFrameworksBuildPhase section */
		A9CB2A7C1DBBEEC100EA4500 /* Frameworks */ = {
			isa = PBXFrameworksBuildPhase;
			buildActionMask = 2147483647;
			files = (
				A98F9D191DC1333F00268C9D /* WebKit.framework in Frameworks */,
				A9EFE9791DBE4DFF0039B5FF /* libxml2.2.tbd in Frameworks */,
				A9EFE97F1DBE524C0039B5FF /* MicrosoftAzureMobile.framework in Frameworks */,
				A9EFE9851DBE59E40039B5FF /* AZSClient.framework in Frameworks */,
			);
			runOnlyForDeploymentPostprocessing = 0;
		};
/* End PBXFrameworksBuildPhase section */

/* Begin PBXGroup section */
		A98E56C01DBC9DFD00F8725F /* Utils */ = {
			isa = PBXGroup;
			children = (
				A98E56BE1DBC9DF500F8725F /* Utils.swift */,
			);
			name = Utils;
			sourceTree = "<group>";
		};
		A9CB2A761DBBEEC100EA4500 = {
			isa = PBXGroup;
			children = (
				A90738371DC5542D009B97F5 /* robot.png */,
				A9E3C4051DBF5DF300DD570B /* AzureUtils */,
				A9E3C4061DBF5DFE00DD570B /* Models */,
				A98E56C01DBC9DFD00F8725F /* Utils */,
				A9CB2A9A1DBBF48600EA4500 /* Autor */,
				A9CB2A971DBBF12000EA4500 /* Reader */,
				A9CB2A811DBBEEC100EA4500 /* Scoops */,
				A9E3C3F71DBF5C9000DD570B /* ScoopsTests */,
				A9CB2A801DBBEEC100EA4500 /* Products */,
				A9EFE9771DBE4DFF0039B5FF /* Frameworks */,
				A9EFE9801DBE52890039B5FF /* Scoops-Bridging-Header.h */,
			);
			sourceTree = "<group>";
		};
		A9CB2A801DBBEEC100EA4500 /* Products */ = {
			isa = PBXGroup;
			children = (
				A9CB2A7F1DBBEEC100EA4500 /* Scoops.app */,
			);
			name = Products;
			sourceTree = "<group>";
		};
		A9CB2A811DBBEEC100EA4500 /* Scoops */ = {
			isa = PBXGroup;
			children = (
				A9CB2A821DBBEEC100EA4500 /* AppDelegate.swift */,
				A9CB2A941DBBEFFD00EA4500 /* Main */,
				A9CB2A891DBBEEC100EA4500 /* Assets.xcassets */,
				A9CB2A8B1DBBEEC100EA4500 /* LaunchScreen.storyboard */,
				A9CB2A8E1DBBEEC100EA4500 /* Info.plist */,
			);
			path = Scoops;
			sourceTree = "<group>";
		};
		A9CB2A941DBBEFFD00EA4500 /* Main */ = {
			isa = PBXGroup;
			children = (
				A9CB2A841DBBEEC100EA4500 /* LoginViewController.swift */,
				A9CB2A861DBBEEC100EA4500 /* Main.storyboard */,
			);
			name = Main;
			sourceTree = "<group>";
		};
		A9CB2A971DBBF12000EA4500 /* Reader */ = {
			isa = PBXGroup;
			children = (
				A9CB2A951DBBF11A00EA4500 /* Readers.storyboard */,
				A98E56BC1DBC9B5400F8725F /* ListNewsTableViewController.swift */,
			);
			name = Reader;
			sourceTree = "<group>";
		};
		A9CB2A9A1DBBF48600EA4500 /* Autor */ = {
			isa = PBXGroup;
			children = (
				A9CB2A981DBBF47C00EA4500 /* Autors.storyboard */,
				A98E56B81DBC96A800F8725F /* AutorsTableViewController.swift */,
				A90738331DC52E47009B97F5 /* NewsTableViewCell.swift */,
				A90738351DC53529009B97F5 /* AutorsViewModel.swift */,
				A98E56BA1DBC97C300F8725F /* NoteViewController.swift */,
				A90738271DC477E6009B97F5 /* NoteViewModel.swift */,
			);
			name = Autor;
			sourceTree = "<group>";
		};
		A9E3C3F71DBF5C9000DD570B /* ScoopsTests */ = {
			isa = PBXGroup;
			children = (
				A9E3C3F81DBF5C9000DD570B /* ScoopsTests.swift */,
				A9E3C3FA1DBF5C9000DD570B /* Info.plist */,
			);
			path = ScoopsTests;
			sourceTree = "<group>";
		};
		A9E3C4051DBF5DF300DD570B /* AzureUtils */ = {
			isa = PBXGroup;
			children = (
				A9EFE9861DBEA2760039B5FF /* AzureUtils.swift */,
				A98F9D161DC113B000268C9D /* AzureApiUtils.swift */,
				A907382B1DC5047D009B97F5 /* AzureStorage.swift */,
			);
			name = AzureUtils;
			sourceTree = "<group>";
		};
		A9E3C4061DBF5DFE00DD570B /* Models */ = {
			isa = PBXGroup;
			children = (
				A98E56C11DBD0FC200F8725F /* modelNews.swift */,
			);
			name = Models;
			sourceTree = "<group>";
		};
		A9EFE9771DBE4DFF0039B5FF /* Frameworks */ = {
			isa = PBXGroup;
			children = (
				A98F9D181DC1333F00268C9D /* WebKit.framework */,
				A9EFE9841DBE59E40039B5FF /* AZSClient.framework */,
				A9EFE9781DBE4DFF0039B5FF /* libxml2.2.tbd */,
				A9EFE97E1DBE524C0039B5FF /* MicrosoftAzureMobile.framework */,
			);
			name = Frameworks;
			sourceTree = "<group>";
		};
/* End PBXGroup section */

/* Begin PBXNativeTarget section */
		A9CB2A7E1DBBEEC100EA4500 /* Scoops */ = {
			isa = PBXNativeTarget;
			buildConfigurationList = A9CB2A911DBBEEC100EA4500 /* Build configuration list for PBXNativeTarget "Scoops" */;
			buildPhases = (
				A9CB2A7B1DBBEEC100EA4500 /* Sources */,
				A9CB2A7C1DBBEEC100EA4500 /* Frameworks */,
				A9CB2A7D1DBBEEC100EA4500 /* Resources */,
			);
			buildRules = (
			);
			dependencies = (
			);
			name = Scoops;
			productName = Scoops;
			productReference = A9CB2A7F1DBBEEC100EA4500 /* Scoops.app */;
			productType = "com.apple.product-type.application";
		};
/* End PBXNativeTarget section */

/* Begin PBXProject section */
		A9CB2A771DBBEEC100EA4500 /* Project object */ = {
			isa = PBXProject;
			attributes = {
				LastSwiftUpdateCheck = 0800;
				LastUpgradeCheck = 0800;
				ORGANIZATIONNAME = "Antonio Benavente del Moral";
				TargetAttributes = {
					A9CB2A7E1DBBEEC100EA4500 = {
						CreatedOnToolsVersion = 8.0;
						DevelopmentTeam = KR3B4933S2;
						LastSwiftMigration = 0800;
						ProvisioningStyle = Automatic;
					};
				};
			};
			buildConfigurationList = A9CB2A7A1DBBEEC100EA4500 /* Build configuration list for PBXProject "Scoops" */;
			compatibilityVersion = "Xcode 3.2";
			developmentRegion = English;
			hasScannedForEncodings = 0;
			knownRegions = (
				en,
				Base,
			);
			mainGroup = A9CB2A761DBBEEC100EA4500;
			productRefGroup = A9CB2A801DBBEEC100EA4500 /* Products */;
			projectDirPath = "";
			projectRoot = "";
			targets = (
				A9CB2A7E1DBBEEC100EA4500 /* Scoops */,
			);
		};
/* End PBXProject section */

/* Begin PBXResourcesBuildPhase section */
		A9CB2A7D1DBBEEC100EA4500 /* Resources */ = {
			isa = PBXResourcesBuildPhase;
			buildActionMask = 2147483647;
			files = (
				A9CB2A8D1DBBEEC100EA4500 /* LaunchScreen.storyboard in Resources */,
				A9CB2A8A1DBBEEC100EA4500 /* Assets.xcassets in Resources */,
				A9CB2A961DBBF11A00EA4500 /* Readers.storyboard in Resources */,
				A9CB2A991DBBF47C00EA4500 /* Autors.storyboard in Resources */,
				A90738381DC5542D009B97F5 /* robot.png in Resources */,
				A9CB2A881DBBEEC100EA4500 /* Main.storyboard in Resources */,
			);
			runOnlyForDeploymentPostprocessing = 0;
		};
/* End PBXResourcesBuildPhase section */

/* Begin PBXSourcesBuildPhase section */
		A9CB2A7B1DBBEEC100EA4500 /* Sources */ = {
			isa = PBXSourcesBuildPhase;
			buildActionMask = 2147483647;
			files = (
				A907382C1DC5047D009B97F5 /* AzureStorage.swift in Sources */,
				A98E56BB1DBC97C300F8725F /* NoteViewController.swift in Sources */,
				A90738341DC52E47009B97F5 /* NewsTableViewCell.swift in Sources */,
				A98E56B91DBC96A800F8725F /* AutorsTableViewController.swift in Sources */,
				A98E56BD1DBC9B5400F8725F /* ListNewsTableViewController.swift in Sources */,
				A9EFE9871DBEA2760039B5FF /* AzureUtils.swift in Sources */,
				A9CB2A851DBBEEC100EA4500 /* LoginViewController.swift in Sources */,
				A98E56C21DBD0FC200F8725F /* modelNews.swift in Sources */,
				A90738281DC477E7009B97F5 /* NoteViewModel.swift in Sources */,
				A9CB2A831DBBEEC100EA4500 /* AppDelegate.swift in Sources */,
				A98F9D171DC113B000268C9D /* AzureApiUtils.swift in Sources */,
				A90738361DC53529009B97F5 /* AutorsViewModel.swift in Sources */,
				A98E56BF1DBC9DF500F8725F /* Utils.swift in Sources */,
			);
			runOnlyForDeploymentPostprocessing = 0;
		};
/* End PBXSourcesBuildPhase section */

/* Begin PBXVariantGroup section */
		A9CB2A861DBBEEC100EA4500 /* Main.storyboard */ = {
			isa = PBXVariantGroup;
			children = (
				A9CB2A871DBBEEC100EA4500 /* Base */,
			);
			name = Main.storyboard;
			sourceTree = "<group>";
		};
		A9CB2A8B1DBBEEC100EA4500 /* LaunchScreen.storyboard */ = {
			isa = PBXVariantGroup;
			children = (
				A9CB2A8C1DBBEEC100EA4500 /* Base */,
			);
			name = LaunchScreen.storyboard;
			sourceTree = "<group>";
		};
/* End PBXVariantGroup section */

/* Begin XCBuildConfiguration section */
		A9CB2A8F1DBBEEC100EA4500 /* Debug */ = {
			isa = XCBuildConfiguration;
			buildSettings = {
				ALWAYS_SEARCH_USER_PATHS = NO;
				CLANG_ANALYZER_NONNULL = YES;
				CLANG_CXX_LANGUAGE_STANDARD = "gnu++0x";
				CLANG_CXX_LIBRARY = "libc++";
				CLANG_ENABLE_MODULES = YES;
				CLANG_ENABLE_OBJC_ARC = YES;
				CLANG_WARN_BOOL_CONVERSION = YES;
				CLANG_WARN_CONSTANT_CONVERSION = YES;
				CLANG_WARN_DIRECT_OBJC_ISA_USAGE = YES_ERROR;
				CLANG_WARN_DOCUMENTATION_COMMENTS = YES;
				CLANG_WARN_EMPTY_BODY = YES;
				CLANG_WARN_ENUM_CONVERSION = YES;
				CLANG_WARN_INFINITE_RECURSION = YES;
				CLANG_WARN_INT_CONVERSION = YES;
				CLANG_WARN_OBJC_ROOT_CLASS = YES_ERROR;
				CLANG_WARN_SUSPICIOUS_MOVES = YES;
				CLANG_WARN_UNREACHABLE_CODE = YES;
				CLANG_WARN__DUPLICATE_METHOD_MATCH = YES;
				"CODE_SIGN_IDENTITY[sdk=iphoneos*]" = "iPhone Developer";
				COPY_PHASE_STRIP = NO;
				DEBUG_INFORMATION_FORMAT = dwarf;
				ENABLE_STRICT_OBJC_MSGSEND = YES;
				ENABLE_TESTABILITY = YES;
				GCC_C_LANGUAGE_STANDARD = gnu99;
				GCC_DYNAMIC_NO_PIC = NO;
				GCC_NO_COMMON_BLOCKS = YES;
				GCC_OPTIMIZATION_LEVEL = 0;
				GCC_PREPROCESSOR_DEFINITIONS = (
					"DEBUG=1",
					"$(inherited)",
				);
				GCC_WARN_64_TO_32_BIT_CONVERSION = YES;
				GCC_WARN_ABOUT_RETURN_TYPE = YES_ERROR;
				GCC_WARN_UNDECLARED_SELECTOR = YES;
				GCC_WARN_UNINITIALIZED_AUTOS = YES_AGGRESSIVE;
				GCC_WARN_UNUSED_FUNCTION = YES;
				GCC_WARN_UNUSED_VARIABLE = YES;
				IPHONEOS_DEPLOYMENT_TARGET = 10.0;
				MTL_ENABLE_DEBUG_INFO = YES;
				ONLY_ACTIVE_ARCH = YES;
				SDKROOT = iphoneos;
				SWIFT_ACTIVE_COMPILATION_CONDITIONS = DEBUG;
				SWIFT_OPTIMIZATION_LEVEL = "-Onone";
				TARGETED_DEVICE_FAMILY = "1,2";
			};
			name = Debug;
		};
		A9CB2A901DBBEEC100EA4500 /* Release */ = {
			isa = XCBuildConfiguration;
			buildSettings = {
				ALWAYS_SEARCH_USER_PATHS = NO;
				CLANG_ANALYZER_NONNULL = YES;
				CLANG_CXX_LANGUAGE_STANDARD = "gnu++0x";
				CLANG_CXX_LIBRARY = "libc++";
				CLANG_ENABLE_MODULES = YES;
				CLANG_ENABLE_OBJC_ARC = YES;
				CLANG_WARN_BOOL_CONVERSION = YES;
				CLANG_WARN_CONSTANT_CONVERSION = YES;
				CLANG_WARN_DIRECT_OBJC_ISA_USAGE = YES_ERROR;
				CLANG_WARN_DOCUMENTATION_COMMENTS = YES;
				CLANG_WARN_EMPTY_BODY = YES;
				CLANG_WARN_ENUM_CONVERSION = YES;
				CLANG_WARN_INFINITE_RECURSION = YES;
				CLANG_WARN_INT_CONVERSION = YES;
				CLANG_WARN_OBJC_ROOT_CLASS = YES_ERROR;
				CLANG_WARN_SUSPICIOUS_MOVES = YES;
				CLANG_WARN_UNREACHABLE_CODE = YES;
				CLANG_WARN__DUPLICATE_METHOD_MATCH = YES;
				"CODE_SIGN_IDENTITY[sdk=iphoneos*]" = "iPhone Developer";
				COPY_PHASE_STRIP = NO;
				DEBUG_INFORMATION_FORMAT = "dwarf-with-dsym";
				ENABLE_NS_ASSERTIONS = NO;
				ENABLE_STRICT_OBJC_MSGSEND = YES;
				GCC_C_LANGUAGE_STANDARD = gnu99;
				GCC_NO_COMMON_BLOCKS = YES;
				GCC_WARN_64_TO_32_BIT_CONVERSION = YES;
				GCC_WARN_ABOUT_RETURN_TYPE = YES_ERROR;
				GCC_WARN_UNDECLARED_SELECTOR = YES;
				GCC_WARN_UNINITIALIZED_AUTOS = YES_AGGRESSIVE;
				GCC_WARN_UNUSED_FUNCTION = YES;
				GCC_WARN_UNUSED_VARIABLE = YES;
				IPHONEOS_DEPLOYMENT_TARGET = 10.0;
				MTL_ENABLE_DEBUG_INFO = NO;
				SDKROOT = iphoneos;
				SWIFT_OPTIMIZATION_LEVEL = "-Owholemodule";
				TARGETED_DEVICE_FAMILY = "1,2";
				VALIDATE_PRODUCT = YES;
			};
			name = Release;
		};
		A9CB2A921DBBEEC100EA4500 /* Debug */ = {
			isa = XCBuildConfiguration;
			buildSettings = {
				ASSETCATALOG_COMPILER_APPICON_NAME = AppIcon;
				CLANG_ENABLE_MODULES = YES;
				DEVELOPMENT_TEAM = KR3B4933S2;
				FRAMEWORK_SEARCH_PATHS = (
					"$(inherited)",
					"$(PROJECT_DIR)",
				);
				INFOPLIST_FILE = Scoops/Info.plist;
				LD_RUNPATH_SEARCH_PATHS = "$(inherited) @executable_path/Frameworks";
				PRODUCT_BUNDLE_IDENTIFIER = "com.benavente-cardador.Scoops";
				PRODUCT_NAME = "$(TARGET_NAME)";
				SWIFT_OBJC_BRIDGING_HEADER = "Scoops-Bridging-Header.h";
				SWIFT_OPTIMIZATION_LEVEL = "-Onone";
				SWIFT_VERSION = 3.0;
			};
			name = Debug;
		};
		A9CB2A931DBBEEC100EA4500 /* Release */ = {
			isa = XCBuildConfiguration;
			buildSettings = {
				ASSETCATALOG_COMPILER_APPICON_NAME = AppIcon;
				CLANG_ENABLE_MODULES = YES;
				DEVELOPMENT_TEAM = KR3B4933S2;
				FRAMEWORK_SEARCH_PATHS = (
					"$(inherited)",
					"$(PROJECT_DIR)",
				);
				INFOPLIST_FILE = Scoops/Info.plist;
				LD_RUNPATH_SEARCH_PATHS = "$(inherited) @executable_path/Frameworks";
				PRODUCT_BUNDLE_IDENTIFIER = "com.benavente-cardador.Scoops";
				PRODUCT_NAME = "$(TARGET_NAME)";
				SWIFT_OBJC_BRIDGING_HEADER = "Scoops-Bridging-Header.h";
				SWIFT_VERSION = 3.0;
			};
			name = Release;
		};
/* End XCBuildConfiguration section */

/* Begin XCConfigurationList section */
		A9CB2A7A1DBBEEC100EA4500 /* Build configuration list for PBXProject "Scoops" */ = {
			isa = XCConfigurationList;
			buildConfigurations = (
				A9CB2A8F1DBBEEC100EA4500 /* Debug */,
				A9CB2A901DBBEEC100EA4500 /* Release */,
			);
			defaultConfigurationIsVisible = 0;
			defaultConfigurationName = Release;
		};
		A9CB2A911DBBEEC100EA4500 /* Build configuration list for PBXNativeTarget "Scoops" */ = {
			isa = XCConfigurationList;
			buildConfigurations = (
				A9CB2A921DBBEEC100EA4500 /* Debug */,
				A9CB2A931DBBEEC100EA4500 /* Release */,
			);
			defaultConfigurationIsVisible = 0;
			defaultConfigurationName = Release;
		};
/* End XCConfigurationList section */
	};
	rootObject = A9CB2A771DBBEEC100EA4500 /* Project object */;
}
